
Microsoft Visual Studio Solution File, Format Version 12.00
# Visual Studio Version 16
VisualStudioVersion = 16.0.30114.105
MinimumVisualStudioVersion = 10.0.40219.1
Project("{9A19103F-16F7-4668-BE54-9A1E7A4F7556}") = "FibonacciExcercise", "FibonacciExcercise\FibonacciExcercise.csproj", "{4B76A6BF-1142-43E1-BB7D-94F4424F3A90}"
EndProject
Project("{9A19103F-16F7-4668-BE54-9A1E7A4F7556}") = "FibonacciExcercise.Tests", "FibonacciExcercise.Tests\FibonacciExcercise.Tests.csproj", "{5A33052F-638B-4716-AA27-73312DAE9105}"
EndProject
Global
	GlobalSection(SolutionConfigurationPlatforms) = preSolution
		Debug|Any CPU = Debug|Any CPU
		Release|Any CPU = Release|Any CPU
	EndGlobalSection
	GlobalSection(ProjectConfigurationPlatforms) = postSolution
		{4B76A6BF-1142-43E1-BB7D-94F4424F3A90}.Debug|Any CPU.ActiveCfg = Debug|Any CPU
		{4B76A6BF-1142-43E1-BB7D-94F4424F3A90}.Debug|Any CPU.Build.0 = Debug|Any CPU
		{4B76A6BF-1142-43E1-BB7D-94F4424F3A90}.Release|Any CPU.ActiveCfg = Release|Any CPU
		{4B76A6BF-1142-43E1-BB7D-94F4424F3A90}.Release|Any CPU.Build.0 = Release|Any CPU
		{5A33052F-638B-4716-AA27-73312DAE9105}.Debug|Any CPU.ActiveCfg = Debug|Any CPU
		{5A33052F-638B-4716-AA27-73312DAE9105}.Debug|Any CPU.Build.0 = Debug|Any CPU
		{5A33052F-638B-4716-AA27-73312DAE9105}.Release|Any CPU.ActiveCfg = Release|Any CPU
		{5A33052F-638B-4716-AA27-73312DAE9105}.Release|Any CPU.Build.0 = Release|Any CPU
	EndGlobalSection
	GlobalSection(SolutionProperties) = preSolution
		HideSolutionNode = FALSE
	EndGlobalSection
	GlobalSection(ExtensibilityGlobals) = postSolution
		SolutionGuid = {CAF2CA5E-B99B-4F7C-9FCB-582D557012FA}
	EndGlobalSection
EndGlobal
